
Microsoft Visual Studio Solution File, Format Version 12.00
# Visual Studio 15
VisualStudioVersion = 15.0.28307.902
MinimumVisualStudioVersion = 10.0.40219.1
Project("{FAE04EC0-301F-11D3-BF4B-00C04F79EFBC}") = "RentalSystem", "RentalSystem\RentalSystem.csproj", "{31ED584D-7FD0-4B60-B347-B1928B6EC930}"
EndProject
Project("{00D1A9C2-B5F0-4AF3-8072-F6C62B433612}") = "Database", "Database\Database.sqlproj", "{7B13BAAD-F17C-4E61-8C42-A1AD099BEC2A}"
EndProject
Project("{FAE04EC0-301F-11D3-BF4B-00C04F79EFBC}") = "UnitTesting", "UnitTesting\UnitTesting.csproj", "{5171E267-D841-4461-8BB4-166457E7F075}"
EndProject
Global
	GlobalSection(SolutionConfigurationPlatforms) = preSolution
		Debug|Any CPU = Debug|Any CPU
		Release|Any CPU = Release|Any CPU
	EndGlobalSection
	GlobalSection(ProjectConfigurationPlatforms) = postSolution
		{31ED584D-7FD0-4B60-B347-B1928B6EC930}.Debug|Any CPU.ActiveCfg = Debug|Any CPU
		{31ED584D-7FD0-4B60-B347-B1928B6EC930}.Debug|Any CPU.Build.0 = Debug|Any CPU
		{31ED584D-7FD0-4B60-B347-B1928B6EC930}.Release|Any CPU.ActiveCfg = Release|Any CPU
		{31ED584D-7FD0-4B60-B347-B1928B6EC930}.Release|Any CPU.Build.0 = Release|Any CPU
		{7B13BAAD-F17C-4E61-8C42-A1AD099BEC2A}.Debug|Any CPU.ActiveCfg = Debug|Any CPU
		{7B13BAAD-F17C-4E61-8C42-A1AD099BEC2A}.Debug|Any CPU.Build.0 = Debug|Any CPU
		{7B13BAAD-F17C-4E61-8C42-A1AD099BEC2A}.Debug|Any CPU.Deploy.0 = Debug|Any CPU
		{7B13BAAD-F17C-4E61-8C42-A1AD099BEC2A}.Release|Any CPU.ActiveCfg = Release|Any CPU
		{7B13BAAD-F17C-4E61-8C42-A1AD099BEC2A}.Release|Any CPU.Build.0 = Release|Any CPU
		{7B13BAAD-F17C-4E61-8C42-A1AD099BEC2A}.Release|Any CPU.Deploy.0 = Release|Any CPU
		{5171E267-D841-4461-8BB4-166457E7F075}.Debug|Any CPU.ActiveCfg = Debug|Any CPU
		{5171E267-D841-4461-8BB4-166457E7F075}.Debug|Any CPU.Build.0 = Debug|Any CPU
		{5171E267-D841-4461-8BB4-166457E7F075}.Release|Any CPU.ActiveCfg = Release|Any CPU
		{5171E267-D841-4461-8BB4-166457E7F075}.Release|Any CPU.Build.0 = Release|Any CPU
	EndGlobalSection
	GlobalSection(SolutionProperties) = preSolution
		HideSolutionNode = FALSE
	EndGlobalSection
	GlobalSection(ExtensibilityGlobals) = postSolution
		SolutionGuid = {0FC6F25C-1385-4A48-B75E-4ACDCD827451}
	EndGlobalSection
EndGlobal
